// !$*UTF8*$!
{
	archiveVersion = 1;
	classes = {
	};
	objectVersion = 46;
	objects = {

/* Begin PBXBuildFile section */
		45917AA316331A3100B494E0 /* UIKit.framework in Frameworks */ = {isa = PBXBuildFile; fileRef = 45917AA216331A3100B494E0 /* UIKit.framework */; };
		45917AA516331A3100B494E0 /* Foundation.framework in Frameworks */ = {isa = PBXBuildFile; fileRef = 45917AA416331A3100B494E0 /* Foundation.framework */; };
		45917AA716331A3100B494E0 /* CoreGraphics.framework in Frameworks */ = {isa = PBXBuildFile; fileRef = 45917AA616331A3100B494E0 /* CoreGraphics.framework */; };
		45917AAD16331A3100B494E0 /* InfoPlist.strings in Resources */ = {isa = PBXBuildFile; fileRef = 45917AAB16331A3100B494E0 /* InfoPlist.strings */; };
		45917AAF16331A3100B494E0 /* main.m in Sources */ = {isa = PBXBuildFile; fileRef = 45917AAE16331A3100B494E0 /* main.m */; };
		45917AB316331A3100B494E0 /* AppDelegate.m in Sources */ = {isa = PBXBuildFile; fileRef = 45917AB216331A3100B494E0 /* AppDelegate.m */; };
		45917AB616331A3100B494E0 /* MainStoryboard_iPhone.storyboard in Resources */ = {isa = PBXBuildFile; fileRef = 45917AB416331A3100B494E0 /* MainStoryboard_iPhone.storyboard */; };
		45917AB916331A3100B494E0 /* MainStoryboard_iPad.storyboard in Resources */ = {isa = PBXBuildFile; fileRef = 45917AB716331A3100B494E0 /* MainStoryboard_iPad.storyboard */; };
		45917ABC16331A3100B494E0 /* GoalViewController.m in Sources */ = {isa = PBXBuildFile; fileRef = 45917ABB16331A3100B494E0 /* GoalViewController.m */; };
		45917ABE16331A3100B494E0 /* first.png in Resources */ = {isa = PBXBuildFile; fileRef = 45917ABD16331A3100B494E0 /* first.png */; };
		45917AC016331A3100B494E0 /* first@2x.png in Resources */ = {isa = PBXBuildFile; fileRef = 45917ABF16331A3100B494E0 /* first@2x.png */; };
		45917AC316331A3100B494E0 /* ScoresViewController.m in Sources */ = {isa = PBXBuildFile; fileRef = 45917AC216331A3100B494E0 /* ScoresViewController.m */; };
		45917AC516331A3100B494E0 /* second.png in Resources */ = {isa = PBXBuildFile; fileRef = 45917AC416331A3100B494E0 /* second.png */; };
		45917AC716331A3100B494E0 /* second@2x.png in Resources */ = {isa = PBXBuildFile; fileRef = 45917AC616331A3100B494E0 /* second@2x.png */; };
		45917ACF16331A3200B494E0 /* SenTestingKit.framework in Frameworks */ = {isa = PBXBuildFile; fileRef = 45917ACE16331A3200B494E0 /* SenTestingKit.framework */; };
		45917AD016331A3200B494E0 /* UIKit.framework in Frameworks */ = {isa = PBXBuildFile; fileRef = 45917AA216331A3100B494E0 /* UIKit.framework */; };
		45917AD116331A3200B494E0 /* Foundation.framework in Frameworks */ = {isa = PBXBuildFile; fileRef = 45917AA416331A3100B494E0 /* Foundation.framework */; };
		45917AD916331A3200B494E0 /* InfoPlist.strings in Resources */ = {isa = PBXBuildFile; fileRef = 45917AD716331A3200B494E0 /* InfoPlist.strings */; };
		45917ADC16331A3200B494E0 /* DiscovRTests.m in Sources */ = {isa = PBXBuildFile; fileRef = 45917ADB16331A3200B494E0 /* DiscovRTests.m */; };
		45917AEB16332F3D00B494E0 /* CoreLocation.framework in Frameworks */ = {isa = PBXBuildFile; fileRef = 45917AEA16332F3D00B494E0 /* CoreLocation.framework */; };
		45917AED1633304400B494E0 /* MapKit.framework in Frameworks */ = {isa = PBXBuildFile; fileRef = 45917AEC1633304400B494E0 /* MapKit.framework */; };
		45917B0516333C2C00B494E0 /* AddressAnnotation.m in Sources */ = {isa = PBXBuildFile; fileRef = 45917B0416333C2C00B494E0 /* AddressAnnotation.m */; };
		45917B0616333C2C00B494E0 /* AddressAnnotation.m in Sources */ = {isa = PBXBuildFile; fileRef = 45917B0416333C2C00B494E0 /* AddressAnnotation.m */; };
		45CC91A516345D1200844BE3 /* NSObject+SBJson.m in Sources */ = {isa = PBXBuildFile; fileRef = 45CC917E16345D1200844BE3 /* NSObject+SBJson.m */; };
		45CC91A616345D1200844BE3 /* NSObject+SBJson.m in Sources */ = {isa = PBXBuildFile; fileRef = 45CC917E16345D1200844BE3 /* NSObject+SBJson.m */; };
		45CC91A716345D1200844BE3 /* SBJsonParser.m in Sources */ = {isa = PBXBuildFile; fileRef = 45CC918116345D1200844BE3 /* SBJsonParser.m */; };
		45CC91A816345D1200844BE3 /* SBJsonParser.m in Sources */ = {isa = PBXBuildFile; fileRef = 45CC918116345D1200844BE3 /* SBJsonParser.m */; };
		45CC91A916345D1200844BE3 /* SBJsonStreamParser.m in Sources */ = {isa = PBXBuildFile; fileRef = 45CC918316345D1200844BE3 /* SBJsonStreamParser.m */; };
		45CC91AA16345D1200844BE3 /* SBJsonStreamParser.m in Sources */ = {isa = PBXBuildFile; fileRef = 45CC918316345D1200844BE3 /* SBJsonStreamParser.m */; };
		45CC91AB16345D1200844BE3 /* SBJsonStreamParserAccumulator.m in Sources */ = {isa = PBXBuildFile; fileRef = 45CC918516345D1200844BE3 /* SBJsonStreamParserAccumulator.m */; };
		45CC91AC16345D1200844BE3 /* SBJsonStreamParserAccumulator.m in Sources */ = {isa = PBXBuildFile; fileRef = 45CC918516345D1200844BE3 /* SBJsonStreamParserAccumulator.m */; };
		45CC91AD16345D1200844BE3 /* SBJsonStreamParserAdapter.m in Sources */ = {isa = PBXBuildFile; fileRef = 45CC918716345D1200844BE3 /* SBJsonStreamParserAdapter.m */; };
		45CC91AE16345D1200844BE3 /* SBJsonStreamParserAdapter.m in Sources */ = {isa = PBXBuildFile; fileRef = 45CC918716345D1200844BE3 /* SBJsonStreamParserAdapter.m */; };
		45CC91AF16345D1200844BE3 /* SBJsonStreamParserState.m in Sources */ = {isa = PBXBuildFile; fileRef = 45CC918916345D1200844BE3 /* SBJsonStreamParserState.m */; };
		45CC91B016345D1200844BE3 /* SBJsonStreamParserState.m in Sources */ = {isa = PBXBuildFile; fileRef = 45CC918916345D1200844BE3 /* SBJsonStreamParserState.m */; };
		45CC91B116345D1200844BE3 /* SBJsonStreamWriter.m in Sources */ = {isa = PBXBuildFile; fileRef = 45CC918B16345D1200844BE3 /* SBJsonStreamWriter.m */; };
		45CC91B216345D1200844BE3 /* SBJsonStreamWriter.m in Sources */ = {isa = PBXBuildFile; fileRef = 45CC918B16345D1200844BE3 /* SBJsonStreamWriter.m */; };
		45CC91B316345D1200844BE3 /* SBJsonStreamWriterAccumulator.m in Sources */ = {isa = PBXBuildFile; fileRef = 45CC918D16345D1200844BE3 /* SBJsonStreamWriterAccumulator.m */; };
		45CC91B416345D1200844BE3 /* SBJsonStreamWriterAccumulator.m in Sources */ = {isa = PBXBuildFile; fileRef = 45CC918D16345D1200844BE3 /* SBJsonStreamWriterAccumulator.m */; };
		45CC91B516345D1200844BE3 /* SBJsonStreamWriterState.m in Sources */ = {isa = PBXBuildFile; fileRef = 45CC918F16345D1200844BE3 /* SBJsonStreamWriterState.m */; };
		45CC91B616345D1200844BE3 /* SBJsonStreamWriterState.m in Sources */ = {isa = PBXBuildFile; fileRef = 45CC918F16345D1200844BE3 /* SBJsonStreamWriterState.m */; };
		45CC91B716345D1200844BE3 /* SBJsonTokeniser.m in Sources */ = {isa = PBXBuildFile; fileRef = 45CC919116345D1200844BE3 /* SBJsonTokeniser.m */; };
		45CC91B816345D1200844BE3 /* SBJsonTokeniser.m in Sources */ = {isa = PBXBuildFile; fileRef = 45CC919116345D1200844BE3 /* SBJsonTokeniser.m */; };
		45CC91B916345D1200844BE3 /* SBJsonUTF8Stream.m in Sources */ = {isa = PBXBuildFile; fileRef = 45CC919316345D1200844BE3 /* SBJsonUTF8Stream.m */; };
		45CC91BA16345D1200844BE3 /* SBJsonUTF8Stream.m in Sources */ = {isa = PBXBuildFile; fileRef = 45CC919316345D1200844BE3 /* SBJsonUTF8Stream.m */; };
		45CC91BB16345D1200844BE3 /* SBJsonWriter.m in Sources */ = {isa = PBXBuildFile; fileRef = 45CC919516345D1200844BE3 /* SBJsonWriter.m */; };
		45CC91BC16345D1200844BE3 /* SBJsonWriter.m in Sources */ = {isa = PBXBuildFile; fileRef = 45CC919516345D1200844BE3 /* SBJsonWriter.m */; };
		45CC91BD16345D1200844BE3 /* NSDictionary+YP.m in Sources */ = {isa = PBXBuildFile; fileRef = 45CC919716345D1200844BE3 /* NSDictionary+YP.m */; };
		45CC91BE16345D1200844BE3 /* NSDictionary+YP.m in Sources */ = {isa = PBXBuildFile; fileRef = 45CC919716345D1200844BE3 /* NSDictionary+YP.m */; };
		45CC91BF16345D1200844BE3 /* NSString+YP.m in Sources */ = {isa = PBXBuildFile; fileRef = 45CC919916345D1200844BE3 /* NSString+YP.m */; };
		45CC91C016345D1200844BE3 /* NSString+YP.m in Sources */ = {isa = PBXBuildFile; fileRef = 45CC919916345D1200844BE3 /* NSString+YP.m */; };
		45CC91C116345D1200844BE3 /* YPAddress.m in Sources */ = {isa = PBXBuildFile; fileRef = 45CC919C16345D1200844BE3 /* YPAddress.m */; };
		45CC91C216345D1200844BE3 /* YPAddress.m in Sources */ = {isa = PBXBuildFile; fileRef = 45CC919C16345D1200844BE3 /* YPAddress.m */; };
		45CC91C316345D1200844BE3 /* YPListing.m in Sources */ = {isa = PBXBuildFile; fileRef = 45CC919E16345D1200844BE3 /* YPListing.m */; };
		45CC91C416345D1200844BE3 /* YPListing.m in Sources */ = {isa = PBXBuildFile; fileRef = 45CC919E16345D1200844BE3 /* YPListing.m */; };
		45CC91C516345D1200844BE3 /* YPListingSummary.m in Sources */ = {isa = PBXBuildFile; fileRef = 45CC91A016345D1200844BE3 /* YPListingSummary.m */; };
		45CC91C616345D1200844BE3 /* YPListingSummary.m in Sources */ = {isa = PBXBuildFile; fileRef = 45CC91A016345D1200844BE3 /* YPListingSummary.m */; };
		45CC91C716345D1200844BE3 /* YPPhone.m in Sources */ = {isa = PBXBuildFile; fileRef = 45CC91A216345D1200844BE3 /* YPPhone.m */; };
		45CC91C816345D1200844BE3 /* YPPhone.m in Sources */ = {isa = PBXBuildFile; fileRef = 45CC91A216345D1200844BE3 /* YPPhone.m */; };
		45CC91C916345D1200844BE3 /* YPYellowAPI.m in Sources */ = {isa = PBXBuildFile; fileRef = 45CC91A416345D1200844BE3 /* YPYellowAPI.m */; };
		45CC91CA16345D1200844BE3 /* YPYellowAPI.m in Sources */ = {isa = PBXBuildFile; fileRef = 45CC91A416345D1200844BE3 /* YPYellowAPI.m */; };
		45DC43F316349C2E006B4574 /* background.png in Resources */ = {isa = PBXBuildFile; fileRef = 45DC43EF16349C2E006B4574 /* background.png */; };
		45DC43F416349C2E006B4574 /* background@2x.png in Resources */ = {isa = PBXBuildFile; fileRef = 45DC43F016349C2E006B4574 /* background@2x.png */; };
		45DC43F516349C2E006B4574 /* button.png in Resources */ = {isa = PBXBuildFile; fileRef = 45DC43F116349C2E006B4574 /* button.png */; };
		45DC43F616349C2E006B4574 /* button@2x.png in Resources */ = {isa = PBXBuildFile; fileRef = 45DC43F216349C2E006B4574 /* button@2x.png */; };
		45DC43FA1634A47F006B4574 /* Default.png in Resources */ = {isa = PBXBuildFile; fileRef = 45DC43F81634A47F006B4574 /* Default.png */; };
		45DC43FB1634A47F006B4574 /* Default@2x.png in Resources */ = {isa = PBXBuildFile; fileRef = 45DC43F91634A47F006B4574 /* Default@2x.png */; };
/* End PBXBuildFile section */

/* Begin PBXContainerItemProxy section */
		45917AD216331A3200B494E0 /* PBXContainerItemProxy */ = {
			isa = PBXContainerItemProxy;
			containerPortal = 45917A9516331A3000B494E0 /* Project object */;
			proxyType = 1;
			remoteGlobalIDString = 45917A9D16331A3100B494E0;
			remoteInfo = DiscovR;
		};
/* End PBXContainerItemProxy section */

/* Begin PBXFileReference section */
		45917A9E16331A3100B494E0 /* DiscovR.app */ = {isa = PBXFileReference; explicitFileType = wrapper.application; includeInIndex = 0; path = DiscovR.app; sourceTree = BUILT_PRODUCTS_DIR; };
		45917AA216331A3100B494E0 /* UIKit.framework */ = {isa = PBXFileReference; lastKnownFileType = wrapper.framework; name = UIKit.framework; path = System/Library/Frameworks/UIKit.framework; sourceTree = SDKROOT; };
		45917AA416331A3100B494E0 /* Foundation.framework */ = {isa = PBXFileReference; lastKnownFileType = wrapper.framework; name = Foundation.framework; path = System/Library/Frameworks/Foundation.framework; sourceTree = SDKROOT; };
		45917AA616331A3100B494E0 /* CoreGraphics.framework */ = {isa = PBXFileReference; lastKnownFileType = wrapper.framework; name = CoreGraphics.framework; path = System/Library/Frameworks/CoreGraphics.framework; sourceTree = SDKROOT; };
		45917AAA16331A3100B494E0 /* DiscovR-Info.plist */ = {isa = PBXFileReference; lastKnownFileType = text.plist.xml; path = "DiscovR-Info.plist"; sourceTree = "<group>"; };
		45917AAC16331A3100B494E0 /* en */ = {isa = PBXFileReference; lastKnownFileType = text.plist.strings; name = en; path = en.lproj/InfoPlist.strings; sourceTree = "<group>"; };
		45917AAE16331A3100B494E0 /* main.m */ = {isa = PBXFileReference; lastKnownFileType = sourcecode.c.objc; path = main.m; sourceTree = "<group>"; };
		45917AB016331A3100B494E0 /* DiscovR-Prefix.pch */ = {isa = PBXFileReference; lastKnownFileType = sourcecode.c.h; path = "DiscovR-Prefix.pch"; sourceTree = "<group>"; };
		45917AB116331A3100B494E0 /* AppDelegate.h */ = {isa = PBXFileReference; lastKnownFileType = sourcecode.c.h; path = AppDelegate.h; sourceTree = "<group>"; };
		45917AB216331A3100B494E0 /* AppDelegate.m */ = {isa = PBXFileReference; lastKnownFileType = sourcecode.c.objc; path = AppDelegate.m; sourceTree = "<group>"; };
		45917AB516331A3100B494E0 /* en */ = {isa = PBXFileReference; lastKnownFileType = file.storyboard; name = en; path = en.lproj/MainStoryboard_iPhone.storyboard; sourceTree = "<group>"; };
		45917AB816331A3100B494E0 /* en */ = {isa = PBXFileReference; lastKnownFileType = file.storyboard; name = en; path = en.lproj/MainStoryboard_iPad.storyboard; sourceTree = "<group>"; };
		45917ABB16331A3100B494E0 /* GoalViewController.m */ = {isa = PBXFileReference; lastKnownFileType = sourcecode.c.objc; path = GoalViewController.m; sourceTree = "<group>"; };
		45917ABD16331A3100B494E0 /* first.png */ = {isa = PBXFileReference; lastKnownFileType = image.png; path = first.png; sourceTree = "<group>"; };
		45917ABF16331A3100B494E0 /* first@2x.png */ = {isa = PBXFileReference; lastKnownFileType = image.png; path = "first@2x.png"; sourceTree = "<group>"; };
		45917AC116331A3100B494E0 /* ScoresViewController.h */ = {isa = PBXFileReference; lastKnownFileType = sourcecode.c.h; path = ScoresViewController.h; sourceTree = "<group>"; };
		45917AC216331A3100B494E0 /* ScoresViewController.m */ = {isa = PBXFileReference; lastKnownFileType = sourcecode.c.objc; path = ScoresViewController.m; sourceTree = "<group>"; };
		45917AC416331A3100B494E0 /* second.png */ = {isa = PBXFileReference; lastKnownFileType = image.png; path = second.png; sourceTree = "<group>"; };
		45917AC616331A3100B494E0 /* second@2x.png */ = {isa = PBXFileReference; lastKnownFileType = image.png; path = "second@2x.png"; sourceTree = "<group>"; };
		45917ACD16331A3200B494E0 /* DiscovRTests.octest */ = {isa = PBXFileReference; explicitFileType = wrapper.cfbundle; includeInIndex = 0; path = DiscovRTests.octest; sourceTree = BUILT_PRODUCTS_DIR; };
		45917ACE16331A3200B494E0 /* SenTestingKit.framework */ = {isa = PBXFileReference; lastKnownFileType = wrapper.framework; name = SenTestingKit.framework; path = Library/Frameworks/SenTestingKit.framework; sourceTree = DEVELOPER_DIR; };
		45917AD616331A3200B494E0 /* DiscovRTests-Info.plist */ = {isa = PBXFileReference; lastKnownFileType = text.plist.xml; path = "DiscovRTests-Info.plist"; sourceTree = "<group>"; };
		45917AD816331A3200B494E0 /* en */ = {isa = PBXFileReference; lastKnownFileType = text.plist.strings; name = en; path = en.lproj/InfoPlist.strings; sourceTree = "<group>"; };
		45917ADA16331A3200B494E0 /* DiscovRTests.h */ = {isa = PBXFileReference; lastKnownFileType = sourcecode.c.h; path = DiscovRTests.h; sourceTree = "<group>"; };
		45917ADB16331A3200B494E0 /* DiscovRTests.m */ = {isa = PBXFileReference; lastKnownFileType = sourcecode.c.objc; path = DiscovRTests.m; sourceTree = "<group>"; };
		45917AE516331E5100B494E0 /* GoalViewController.h */ = {isa = PBXFileReference; fileEncoding = 4; lastKnownFileType = sourcecode.c.h; path = GoalViewController.h; sourceTree = "<group>"; };
		45917AEA16332F3D00B494E0 /* CoreLocation.framework */ = {isa = PBXFileReference; lastKnownFileType = wrapper.framework; name = CoreLocation.framework; path = System/Library/Frameworks/CoreLocation.framework; sourceTree = SDKROOT; };
		45917AEC1633304400B494E0 /* MapKit.framework */ = {isa = PBXFileReference; lastKnownFileType = wrapper.framework; name = MapKit.framework; path = System/Library/Frameworks/MapKit.framework; sourceTree = SDKROOT; };
		45917B0316333C2C00B494E0 /* AddressAnnotation.h */ = {isa = PBXFileReference; fileEncoding = 4; lastKnownFileType = sourcecode.c.h; path = AddressAnnotation.h; sourceTree = "<group>"; };
		45917B0416333C2C00B494E0 /* AddressAnnotation.m */ = {isa = PBXFileReference; fileEncoding = 4; lastKnownFileType = sourcecode.c.objc; path = AddressAnnotation.m; sourceTree = "<group>"; };
		45CC917C16345D1200844BE3 /* JSON.h */ = {isa = PBXFileReference; fileEncoding = 4; lastKnownFileType = sourcecode.c.h; path = JSON.h; sourceTree = "<group>"; };
		45CC917D16345D1200844BE3 /* NSObject+SBJson.h */ = {isa = PBXFileReference; fileEncoding = 4; lastKnownFileType = sourcecode.c.h; path = "NSObject+SBJson.h"; sourceTree = "<group>"; };
		45CC917E16345D1200844BE3 /* NSObject+SBJson.m */ = {isa = PBXFileReference; fileEncoding = 4; lastKnownFileType = sourcecode.c.objc; path = "NSObject+SBJson.m"; sourceTree = "<group>"; };
		45CC917F16345D1200844BE3 /* SBJson.h */ = {isa = PBXFileReference; fileEncoding = 4; lastKnownFileType = sourcecode.c.h; path = SBJson.h; sourceTree = "<group>"; };
		45CC918016345D1200844BE3 /* SBJsonParser.h */ = {isa = PBXFileReference; fileEncoding = 4; lastKnownFileType = sourcecode.c.h; path = SBJsonParser.h; sourceTree = "<group>"; };
		45CC918116345D1200844BE3 /* SBJsonParser.m */ = {isa = PBXFileReference; fileEncoding = 4; lastKnownFileType = sourcecode.c.objc; path = SBJsonParser.m; sourceTree = "<group>"; };
		45CC918216345D1200844BE3 /* SBJsonStreamParser.h */ = {isa = PBXFileReference; fileEncoding = 4; lastKnownFileType = sourcecode.c.h; path = SBJsonStreamParser.h; sourceTree = "<group>"; };
		45CC918316345D1200844BE3 /* SBJsonStreamParser.m */ = {isa = PBXFileReference; fileEncoding = 4; lastKnownFileType = sourcecode.c.objc; path = SBJsonStreamParser.m; sourceTree = "<group>"; };
		45CC918416345D1200844BE3 /* SBJsonStreamParserAccumulator.h */ = {isa = PBXFileReference; fileEncoding = 4; lastKnownFileType = sourcecode.c.h; path = SBJsonStreamParserAccumulator.h; sourceTree = "<group>"; };
		45CC918516345D1200844BE3 /* SBJsonStreamParserAccumulator.m */ = {isa = PBXFileReference; fileEncoding = 4; lastKnownFileType = sourcecode.c.objc; path = SBJsonStreamParserAccumulator.m; sourceTree = "<group>"; };
		45CC918616345D1200844BE3 /* SBJsonStreamParserAdapter.h */ = {isa = PBXFileReference; fileEncoding = 4; lastKnownFileType = sourcecode.c.h; path = SBJsonStreamParserAdapter.h; sourceTree = "<group>"; };
		45CC918716345D1200844BE3 /* SBJsonStreamParserAdapter.m */ = {isa = PBXFileReference; fileEncoding = 4; lastKnownFileType = sourcecode.c.objc; path = SBJsonStreamParserAdapter.m; sourceTree = "<group>"; };
		45CC918816345D1200844BE3 /* SBJsonStreamParserState.h */ = {isa = PBXFileReference; fileEncoding = 4; lastKnownFileType = sourcecode.c.h; path = SBJsonStreamParserState.h; sourceTree = "<group>"; };
		45CC918916345D1200844BE3 /* SBJsonStreamParserState.m */ = {isa = PBXFileReference; fileEncoding = 4; lastKnownFileType = sourcecode.c.objc; path = SBJsonStreamParserState.m; sourceTree = "<group>"; };
		45CC918A16345D1200844BE3 /* SBJsonStreamWriter.h */ = {isa = PBXFileReference; fileEncoding = 4; lastKnownFileType = sourcecode.c.h; path = SBJsonStreamWriter.h; sourceTree = "<group>"; };
		45CC918B16345D1200844BE3 /* SBJsonStreamWriter.m */ = {isa = PBXFileReference; fileEncoding = 4; lastKnownFileType = sourcecode.c.objc; path = SBJsonStreamWriter.m; sourceTree = "<group>"; };
		45CC918C16345D1200844BE3 /* SBJsonStreamWriterAccumulator.h */ = {isa = PBXFileReference; fileEncoding = 4; lastKnownFileType = sourcecode.c.h; path = SBJsonStreamWriterAccumulator.h; sourceTree = "<group>"; };
		45CC918D16345D1200844BE3 /* SBJsonStreamWriterAccumulator.m */ = {isa = PBXFileReference; fileEncoding = 4; lastKnownFileType = sourcecode.c.objc; path = SBJsonStreamWriterAccumulator.m; sourceTree = "<group>"; };
		45CC918E16345D1200844BE3 /* SBJsonStreamWriterState.h */ = {isa = PBXFileReference; fileEncoding = 4; lastKnownFileType = sourcecode.c.h; path = SBJsonStreamWriterState.h; sourceTree = "<group>"; };
		45CC918F16345D1200844BE3 /* SBJsonStreamWriterState.m */ = {isa = PBXFileReference; fileEncoding = 4; lastKnownFileType = sourcecode.c.objc; path = SBJsonStreamWriterState.m; sourceTree = "<group>"; };
		45CC919016345D1200844BE3 /* SBJsonTokeniser.h */ = {isa = PBXFileReference; fileEncoding = 4; lastKnownFileType = sourcecode.c.h; path = SBJsonTokeniser.h; sourceTree = "<group>"; };
		45CC919116345D1200844BE3 /* SBJsonTokeniser.m */ = {isa = PBXFileReference; fileEncoding = 4; lastKnownFileType = sourcecode.c.objc; path = SBJsonTokeniser.m; sourceTree = "<group>"; };
		45CC919216345D1200844BE3 /* SBJsonUTF8Stream.h */ = {isa = PBXFileReference; fileEncoding = 4; lastKnownFileType = sourcecode.c.h; path = SBJsonUTF8Stream.h; sourceTree = "<group>"; };
		45CC919316345D1200844BE3 /* SBJsonUTF8Stream.m */ = {isa = PBXFileReference; fileEncoding = 4; lastKnownFileType = sourcecode.c.objc; path = SBJsonUTF8Stream.m; sourceTree = "<group>"; };
		45CC919416345D1200844BE3 /* SBJsonWriter.h */ = {isa = PBXFileReference; fileEncoding = 4; lastKnownFileType = sourcecode.c.h; path = SBJsonWriter.h; sourceTree = "<group>"; };
		45CC919516345D1200844BE3 /* SBJsonWriter.m */ = {isa = PBXFileReference; fileEncoding = 4; lastKnownFileType = sourcecode.c.objc; path = SBJsonWriter.m; sourceTree = "<group>"; };
		45CC919616345D1200844BE3 /* NSDictionary+YP.h */ = {isa = PBXFileReference; fileEncoding = 4; lastKnownFileType = sourcecode.c.h; path = "NSDictionary+YP.h"; sourceTree = "<group>"; };
		45CC919716345D1200844BE3 /* NSDictionary+YP.m */ = {isa = PBXFileReference; fileEncoding = 4; lastKnownFileType = sourcecode.c.objc; path = "NSDictionary+YP.m"; sourceTree = "<group>"; };
		45CC919816345D1200844BE3 /* NSString+YP.h */ = {isa = PBXFileReference; fileEncoding = 4; lastKnownFileType = sourcecode.c.h; path = "NSString+YP.h"; sourceTree = "<group>"; };
		45CC919916345D1200844BE3 /* NSString+YP.m */ = {isa = PBXFileReference; fileEncoding = 4; lastKnownFileType = sourcecode.c.objc; path = "NSString+YP.m"; sourceTree = "<group>"; };
		45CC919A16345D1200844BE3 /* YellowAPI-Prefix.pch */ = {isa = PBXFileReference; fileEncoding = 4; lastKnownFileType = sourcecode.c.h; path = "YellowAPI-Prefix.pch"; sourceTree = "<group>"; };
		45CC919B16345D1200844BE3 /* YPAddress.h */ = {isa = PBXFileReference; fileEncoding = 4; lastKnownFileType = sourcecode.c.h; path = YPAddress.h; sourceTree = "<group>"; };
		45CC919C16345D1200844BE3 /* YPAddress.m */ = {isa = PBXFileReference; fileEncoding = 4; lastKnownFileType = sourcecode.c.objc; path = YPAddress.m; sourceTree = "<group>"; };
		45CC919D16345D1200844BE3 /* YPListing.h */ = {isa = PBXFileReference; fileEncoding = 4; lastKnownFileType = sourcecode.c.h; path = YPListing.h; sourceTree = "<group>"; };
		45CC919E16345D1200844BE3 /* YPListing.m */ = {isa = PBXFileReference; fileEncoding = 4; lastKnownFileType = sourcecode.c.objc; path = YPListing.m; sourceTree = "<group>"; };
		45CC919F16345D1200844BE3 /* YPListingSummary.h */ = {isa = PBXFileReference; fileEncoding = 4; lastKnownFileType = sourcecode.c.h; path = YPListingSummary.h; sourceTree = "<group>"; };
		45CC91A016345D1200844BE3 /* YPListingSummary.m */ = {isa = PBXFileReference; fileEncoding = 4; lastKnownFileType = sourcecode.c.objc; path = YPListingSummary.m; sourceTree = "<group>"; };
		45CC91A116345D1200844BE3 /* YPPhone.h */ = {isa = PBXFileReference; fileEncoding = 4; lastKnownFileType = sourcecode.c.h; path = YPPhone.h; sourceTree = "<group>"; };
		45CC91A216345D1200844BE3 /* YPPhone.m */ = {isa = PBXFileReference; fileEncoding = 4; lastKnownFileType = sourcecode.c.objc; path = YPPhone.m; sourceTree = "<group>"; };
		45CC91A316345D1200844BE3 /* YPYellowAPI.h */ = {isa = PBXFileReference; fileEncoding = 4; lastKnownFileType = sourcecode.c.h; path = YPYellowAPI.h; sourceTree = "<group>"; };
		45CC91A416345D1200844BE3 /* YPYellowAPI.m */ = {isa = PBXFileReference; fileEncoding = 4; lastKnownFileType = sourcecode.c.objc; path = YPYellowAPI.m; sourceTree = "<group>"; };
		45DC43EF16349C2E006B4574 /* background.png */ = {isa = PBXFileReference; lastKnownFileType = image.png; name = background.png; path = images/background.png; sourceTree = "<group>"; };
		45DC43F016349C2E006B4574 /* background@2x.png */ = {isa = PBXFileReference; lastKnownFileType = image.png; name = "background@2x.png"; path = "images/background@2x.png"; sourceTree = "<group>"; };
		45DC43F116349C2E006B4574 /* button.png */ = {isa = PBXFileReference; lastKnownFileType = image.png; name = button.png; path = images/button.png; sourceTree = "<group>"; };
		45DC43F216349C2E006B4574 /* button@2x.png */ = {isa = PBXFileReference; lastKnownFileType = image.png; name = "button@2x.png"; path = "images/button@2x.png"; sourceTree = "<group>"; };
		45DC43F81634A47F006B4574 /* Default.png */ = {isa = PBXFileReference; lastKnownFileType = image.png; name = Default.png; path = images/Default.png; sourceTree = "<group>"; };
		45DC43F91634A47F006B4574 /* Default@2x.png */ = {isa = PBXFileReference; lastKnownFileType = image.png; name = "Default@2x.png"; path = "images/Default@2x.png"; sourceTree = "<group>"; };
/* End PBXFileReference section */

/* Begin PBXFrameworksBuildPhase section */
		45917A9B16331A3100B494E0 /* Frameworks */ = {
			isa = PBXFrameworksBuildPhase;
			buildActionMask = 2147483647;
			files = (
				45917AED1633304400B494E0 /* MapKit.framework in Frameworks */,
				45917AEB16332F3D00B494E0 /* CoreLocation.framework in Frameworks */,
				45917AA316331A3100B494E0 /* UIKit.framework in Frameworks */,
				45917AA516331A3100B494E0 /* Foundation.framework in Frameworks */,
				45917AA716331A3100B494E0 /* CoreGraphics.framework in Frameworks */,
			);
			runOnlyForDeploymentPostprocessing = 0;
		};
		45917AC916331A3200B494E0 /* Frameworks */ = {
			isa = PBXFrameworksBuildPhase;
			buildActionMask = 2147483647;
			files = (
				45917ACF16331A3200B494E0 /* SenTestingKit.framework in Frameworks */,
				45917AD016331A3200B494E0 /* UIKit.framework in Frameworks */,
				45917AD116331A3200B494E0 /* Foundation.framework in Frameworks */,
			);
			runOnlyForDeploymentPostprocessing = 0;
		};
/* End PBXFrameworksBuildPhase section */

/* Begin PBXGroup section */
		45917A9316331A3000B494E0 = {
			isa = PBXGroup;
			children = (
				45917AA816331A3100B494E0 /* DiscovR */,
				45917AD416331A3200B494E0 /* DiscovRTests */,
				45917AA116331A3100B494E0 /* Frameworks */,
				45917A9F16331A3100B494E0 /* Products */,
			);
			sourceTree = "<group>";
		};
		45917A9F16331A3100B494E0 /* Products */ = {
			isa = PBXGroup;
			children = (
				45917A9E16331A3100B494E0 /* DiscovR.app */,
				45917ACD16331A3200B494E0 /* DiscovRTests.octest */,
			);
			name = Products;
			sourceTree = "<group>";
		};
		45917AA116331A3100B494E0 /* Frameworks */ = {
			isa = PBXGroup;
			children = (
				45917AEC1633304400B494E0 /* MapKit.framework */,
				45917AEA16332F3D00B494E0 /* CoreLocation.framework */,
				45917AA216331A3100B494E0 /* UIKit.framework */,
				45917AA416331A3100B494E0 /* Foundation.framework */,
				45917AA616331A3100B494E0 /* CoreGraphics.framework */,
				45917ACE16331A3200B494E0 /* SenTestingKit.framework */,
			);
			name = Frameworks;
			sourceTree = "<group>";
		};
		45917AA816331A3100B494E0 /* DiscovR */ = {
			isa = PBXGroup;
			children = (
				45CC917A16345D1200844BE3 /* YellowAPI */,
				45917AB116331A3100B494E0 /* AppDelegate.h */,
				45917AB216331A3100B494E0 /* AppDelegate.m */,
				45917AB416331A3100B494E0 /* MainStoryboard_iPhone.storyboard */,
				45917AB716331A3100B494E0 /* MainStoryboard_iPad.storyboard */,
				45917AE516331E5100B494E0 /* GoalViewController.h */,
				45917ABB16331A3100B494E0 /* GoalViewController.m */,
				45917AC116331A3100B494E0 /* ScoresViewController.h */,
				45917AC216331A3100B494E0 /* ScoresViewController.m */,
				45917B0316333C2C00B494E0 /* AddressAnnotation.h */,
				45917B0416333C2C00B494E0 /* AddressAnnotation.m */,
				45DC43EF16349C2E006B4574 /* background.png */,
				45DC43F016349C2E006B4574 /* background@2x.png */,
				45DC43F116349C2E006B4574 /* button.png */,
				45DC43F216349C2E006B4574 /* button@2x.png */,
				45DC43F81634A47F006B4574 /* Default.png */,
				45DC43F91634A47F006B4574 /* Default@2x.png */,
				45917AC416331A3100B494E0 /* second.png */,
				45917AC616331A3100B494E0 /* second@2x.png */,
				45917ABD16331A3100B494E0 /* first.png */,
				45917ABF16331A3100B494E0 /* first@2x.png */,
				45917AA916331A3100B494E0 /* Supporting Files */,
			);
			path = DiscovR;
			sourceTree = "<group>";
		};
		45917AA916331A3100B494E0 /* Supporting Files */ = {
			isa = PBXGroup;
			children = (
				45917AAA16331A3100B494E0 /* DiscovR-Info.plist */,
				45917AAB16331A3100B494E0 /* InfoPlist.strings */,
				45917AAE16331A3100B494E0 /* main.m */,
				45917AB016331A3100B494E0 /* DiscovR-Prefix.pch */,
			);
			name = "Supporting Files";
			sourceTree = "<group>";
		};
		45917AD416331A3200B494E0 /* DiscovRTests */ = {
			isa = PBXGroup;
			children = (
				45917ADA16331A3200B494E0 /* DiscovRTests.h */,
				45917ADB16331A3200B494E0 /* DiscovRTests.m */,
				45917AD516331A3200B494E0 /* Supporting Files */,
			);
			path = DiscovRTests;
			sourceTree = "<group>";
		};
		45917AD516331A3200B494E0 /* Supporting Files */ = {
			isa = PBXGroup;
			children = (
				45917AD616331A3200B494E0 /* DiscovRTests-Info.plist */,
				45917AD716331A3200B494E0 /* InfoPlist.strings */,
			);
			name = "Supporting Files";
			sourceTree = "<group>";
		};
		45CC917A16345D1200844BE3 /* YellowAPI */ = {
			isa = PBXGroup;
			children = (
				45CC917B16345D1200844BE3 /* JSON */,
				45CC919616345D1200844BE3 /* NSDictionary+YP.h */,
				45CC919716345D1200844BE3 /* NSDictionary+YP.m */,
				45CC919816345D1200844BE3 /* NSString+YP.h */,
				45CC919916345D1200844BE3 /* NSString+YP.m */,
				45CC919A16345D1200844BE3 /* YellowAPI-Prefix.pch */,
				45CC919B16345D1200844BE3 /* YPAddress.h */,
				45CC919C16345D1200844BE3 /* YPAddress.m */,
				45CC919D16345D1200844BE3 /* YPListing.h */,
				45CC919E16345D1200844BE3 /* YPListing.m */,
				45CC919F16345D1200844BE3 /* YPListingSummary.h */,
				45CC91A016345D1200844BE3 /* YPListingSummary.m */,
				45CC91A116345D1200844BE3 /* YPPhone.h */,
				45CC91A216345D1200844BE3 /* YPPhone.m */,
				45CC91A316345D1200844BE3 /* YPYellowAPI.h */,
				45CC91A416345D1200844BE3 /* YPYellowAPI.m */,
			);
			path = YellowAPI;
			sourceTree = "<group>";
		};
		45CC917B16345D1200844BE3 /* JSON */ = {
			isa = PBXGroup;
			children = (
				45CC917C16345D1200844BE3 /* JSON.h */,
				45CC917D16345D1200844BE3 /* NSObject+SBJson.h */,
				45CC917E16345D1200844BE3 /* NSObject+SBJson.m */,
				45CC917F16345D1200844BE3 /* SBJson.h */,
				45CC918016345D1200844BE3 /* SBJsonParser.h */,
				45CC918116345D1200844BE3 /* SBJsonParser.m */,
				45CC918216345D1200844BE3 /* SBJsonStreamParser.h */,
				45CC918316345D1200844BE3 /* SBJsonStreamParser.m */,
				45CC918416345D1200844BE3 /* SBJsonStreamParserAccumulator.h */,
				45CC918516345D1200844BE3 /* SBJsonStreamParserAccumulator.m */,
				45CC918616345D1200844BE3 /* SBJsonStreamParserAdapter.h */,
				45CC918716345D1200844BE3 /* SBJsonStreamParserAdapter.m */,
				45CC918816345D1200844BE3 /* SBJsonStreamParserState.h */,
				45CC918916345D1200844BE3 /* SBJsonStreamParserState.m */,
				45CC918A16345D1200844BE3 /* SBJsonStreamWriter.h */,
				45CC918B16345D1200844BE3 /* SBJsonStreamWriter.m */,
				45CC918C16345D1200844BE3 /* SBJsonStreamWriterAccumulator.h */,
				45CC918D16345D1200844BE3 /* SBJsonStreamWriterAccumulator.m */,
				45CC918E16345D1200844BE3 /* SBJsonStreamWriterState.h */,
				45CC918F16345D1200844BE3 /* SBJsonStreamWriterState.m */,
				45CC919016345D1200844BE3 /* SBJsonTokeniser.h */,
				45CC919116345D1200844BE3 /* SBJsonTokeniser.m */,
				45CC919216345D1200844BE3 /* SBJsonUTF8Stream.h */,
				45CC919316345D1200844BE3 /* SBJsonUTF8Stream.m */,
				45CC919416345D1200844BE3 /* SBJsonWriter.h */,
				45CC919516345D1200844BE3 /* SBJsonWriter.m */,
			);
			path = JSON;
			sourceTree = "<group>";
		};
/* End PBXGroup section */

/* Begin PBXNativeTarget section */
		45917A9D16331A3100B494E0 /* DiscovR */ = {
			isa = PBXNativeTarget;
			buildConfigurationList = 45917ADF16331A3200B494E0 /* Build configuration list for PBXNativeTarget "DiscovR" */;
			buildPhases = (
				45917A9A16331A3100B494E0 /* Sources */,
				45917A9B16331A3100B494E0 /* Frameworks */,
				45917A9C16331A3100B494E0 /* Resources */,
			);
			buildRules = (
			);
			dependencies = (
			);
			name = DiscovR;
			productName = DiscovR;
			productReference = 45917A9E16331A3100B494E0 /* DiscovR.app */;
			productType = "com.apple.product-type.application";
		};
		45917ACC16331A3200B494E0 /* DiscovRTests */ = {
			isa = PBXNativeTarget;
			buildConfigurationList = 45917AE216331A3200B494E0 /* Build configuration list for PBXNativeTarget "DiscovRTests" */;
			buildPhases = (
				45917AC816331A3200B494E0 /* Sources */,
				45917AC916331A3200B494E0 /* Frameworks */,
				45917ACA16331A3200B494E0 /* Resources */,
				45917ACB16331A3200B494E0 /* ShellScript */,
			);
			buildRules = (
			);
			dependencies = (
				45917AD316331A3200B494E0 /* PBXTargetDependency */,
			);
			name = DiscovRTests;
			productName = DiscovRTests;
			productReference = 45917ACD16331A3200B494E0 /* DiscovRTests.octest */;
			productType = "com.apple.product-type.bundle";
		};
/* End PBXNativeTarget section */

/* Begin PBXProject section */
		45917A9516331A3000B494E0 /* Project object */ = {
			isa = PBXProject;
			attributes = {
				LastUpgradeCheck = 0430;
			};
			buildConfigurationList = 45917A9816331A3000B494E0 /* Build configuration list for PBXProject "DiscovR" */;
			compatibilityVersion = "Xcode 3.2";
			developmentRegion = English;
			hasScannedForEncodings = 0;
			knownRegions = (
				en,
			);
			mainGroup = 45917A9316331A3000B494E0;
			productRefGroup = 45917A9F16331A3100B494E0 /* Products */;
			projectDirPath = "";
			projectRoot = "";
			targets = (
				45917A9D16331A3100B494E0 /* DiscovR */,
				45917ACC16331A3200B494E0 /* DiscovRTests */,
			);
		};
/* End PBXProject section */

/* Begin PBXResourcesBuildPhase section */
		45917A9C16331A3100B494E0 /* Resources */ = {
			isa = PBXResourcesBuildPhase;
			buildActionMask = 2147483647;
			files = (
				45917AAD16331A3100B494E0 /* InfoPlist.strings in Resources */,
				45917AB616331A3100B494E0 /* MainStoryboard_iPhone.storyboard in Resources */,
				45917AB916331A3100B494E0 /* MainStoryboard_iPad.storyboard in Resources */,
				45917ABE16331A3100B494E0 /* first.png in Resources */,
				45917AC016331A3100B494E0 /* first@2x.png in Resources */,
				45917AC516331A3100B494E0 /* second.png in Resources */,
				45917AC716331A3100B494E0 /* second@2x.png in Resources */,
				45DC43F316349C2E006B4574 /* background.png in Resources */,
				45DC43F416349C2E006B4574 /* background@2x.png in Resources */,
				45DC43F516349C2E006B4574 /* button.png in Resources */,
				45DC43F616349C2E006B4574 /* button@2x.png in Resources */,
				45DC43FA1634A47F006B4574 /* Default.png in Resources */,
				45DC43FB1634A47F006B4574 /* Default@2x.png in Resources */,
			);
			runOnlyForDeploymentPostprocessing = 0;
		};
		45917ACA16331A3200B494E0 /* Resources */ = {
			isa = PBXResourcesBuildPhase;
			buildActionMask = 2147483647;
			files = (
				45917AD916331A3200B494E0 /* InfoPlist.strings in Resources */,
			);
			runOnlyForDeploymentPostprocessing = 0;
		};
/* End PBXResourcesBuildPhase section */

/* Begin PBXShellScriptBuildPhase section */
		45917ACB16331A3200B494E0 /* ShellScript */ = {
			isa = PBXShellScriptBuildPhase;
			buildActionMask = 2147483647;
			files = (
			);
			inputPaths = (
			);
			outputPaths = (
			);
			runOnlyForDeploymentPostprocessing = 0;
			shellPath = /bin/sh;
			shellScript = "# Run the unit tests in this test bundle.\n\"${SYSTEM_DEVELOPER_DIR}/Tools/RunUnitTests\"\n";
		};
/* End PBXShellScriptBuildPhase section */

/* Begin PBXSourcesBuildPhase section */
		45917A9A16331A3100B494E0 /* Sources */ = {
			isa = PBXSourcesBuildPhase;
			buildActionMask = 2147483647;
			files = (
				45917AAF16331A3100B494E0 /* main.m in Sources */,
				45917AB316331A3100B494E0 /* AppDelegate.m in Sources */,
				45917ABC16331A3100B494E0 /* GoalViewController.m in Sources */,
				45917AC316331A3100B494E0 /* ScoresViewController.m in Sources */,
				45917B0516333C2C00B494E0 /* AddressAnnotation.m in Sources */,
				45CC91A516345D1200844BE3 /* NSObject+SBJson.m in Sources */,
				45CC91A716345D1200844BE3 /* SBJsonParser.m in Sources */,
				45CC91A916345D1200844BE3 /* SBJsonStreamParser.m in Sources */,
				45CC91AB16345D1200844BE3 /* SBJsonStreamParserAccumulator.m in Sources */,
				45CC91AD16345D1200844BE3 /* SBJsonStreamParserAdapter.m in Sources */,
				45CC91AF16345D1200844BE3 /* SBJsonStreamParserState.m in Sources */,
				45CC91B116345D1200844BE3 /* SBJsonStreamWriter.m in Sources */,
				45CC91B316345D1200844BE3 /* SBJsonStreamWriterAccumulator.m in Sources */,
				45CC91B516345D1200844BE3 /* SBJsonStreamWriterState.m in Sources */,
				45CC91B716345D1200844BE3 /* SBJsonTokeniser.m in Sources */,
				45CC91B916345D1200844BE3 /* SBJsonUTF8Stream.m in Sources */,
				45CC91BB16345D1200844BE3 /* SBJsonWriter.m in Sources */,
				45CC91BD16345D1200844BE3 /* NSDictionary+YP.m in Sources */,
				45CC91BF16345D1200844BE3 /* NSString+YP.m in Sources */,
				45CC91C116345D1200844BE3 /* YPAddress.m in Sources */,
				45CC91C316345D1200844BE3 /* YPListing.m in Sources */,
				45CC91C516345D1200844BE3 /* YPListingSummary.m in Sources */,
				45CC91C716345D1200844BE3 /* YPPhone.m in Sources */,
				45CC91C916345D1200844BE3 /* YPYellowAPI.m in Sources */,
			);
			runOnlyForDeploymentPostprocessing = 0;
		};
		45917AC816331A3200B494E0 /* Sources */ = {
			isa = PBXSourcesBuildPhase;
			buildActionMask = 2147483647;
			files = (
				45917ADC16331A3200B494E0 /* DiscovRTests.m in Sources */,
				45917B0616333C2C00B494E0 /* AddressAnnotation.m in Sources */,
				45CC91A616345D1200844BE3 /* NSObject+SBJson.m in Sources */,
				45CC91A816345D1200844BE3 /* SBJsonParser.m in Sources */,
				45CC91AA16345D1200844BE3 /* SBJsonStreamParser.m in Sources */,
				45CC91AC16345D1200844BE3 /* SBJsonStreamParserAccumulator.m in Sources */,
				45CC91AE16345D1200844BE3 /* SBJsonStreamParserAdapter.m in Sources */,
				45CC91B016345D1200844BE3 /* SBJsonStreamParserState.m in Sources */,
				45CC91B216345D1200844BE3 /* SBJsonStreamWriter.m in Sources */,
				45CC91B416345D1200844BE3 /* SBJsonStreamWriterAccumulator.m in Sources */,
				45CC91B616345D1200844BE3 /* SBJsonStreamWriterState.m in Sources */,
				45CC91B816345D1200844BE3 /* SBJsonTokeniser.m in Sources */,
				45CC91BA16345D1200844BE3 /* SBJsonUTF8Stream.m in Sources */,
				45CC91BC16345D1200844BE3 /* SBJsonWriter.m in Sources */,
				45CC91BE16345D1200844BE3 /* NSDictionary+YP.m in Sources */,
				45CC91C016345D1200844BE3 /* NSString+YP.m in Sources */,
				45CC91C216345D1200844BE3 /* YPAddress.m in Sources */,
				45CC91C416345D1200844BE3 /* YPListing.m in Sources */,
				45CC91C616345D1200844BE3 /* YPListingSummary.m in Sources */,
				45CC91C816345D1200844BE3 /* YPPhone.m in Sources */,
				45CC91CA16345D1200844BE3 /* YPYellowAPI.m in Sources */,
			);
			runOnlyForDeploymentPostprocessing = 0;
		};
/* End PBXSourcesBuildPhase section */

/* Begin PBXTargetDependency section */
		45917AD316331A3200B494E0 /* PBXTargetDependency */ = {
			isa = PBXTargetDependency;
			target = 45917A9D16331A3100B494E0 /* DiscovR */;
			targetProxy = 45917AD216331A3200B494E0 /* PBXContainerItemProxy */;
		};
/* End PBXTargetDependency section */

/* Begin PBXVariantGroup section */
		45917AAB16331A3100B494E0 /* InfoPlist.strings */ = {
			isa = PBXVariantGroup;
			children = (
				45917AAC16331A3100B494E0 /* en */,
			);
			name = InfoPlist.strings;
			sourceTree = "<group>";
		};
		45917AB416331A3100B494E0 /* MainStoryboard_iPhone.storyboard */ = {
			isa = PBXVariantGroup;
			children = (
				45917AB516331A3100B494E0 /* en */,
			);
			name = MainStoryboard_iPhone.storyboard;
			sourceTree = "<group>";
		};
		45917AB716331A3100B494E0 /* MainStoryboard_iPad.storyboard */ = {
			isa = PBXVariantGroup;
			children = (
				45917AB816331A3100B494E0 /* en */,
			);
			name = MainStoryboard_iPad.storyboard;
			sourceTree = "<group>";
		};
		45917AD716331A3200B494E0 /* InfoPlist.strings */ = {
			isa = PBXVariantGroup;
			children = (
				45917AD816331A3200B494E0 /* en */,
			);
			name = InfoPlist.strings;
			sourceTree = "<group>";
		};
/* End PBXVariantGroup section */

/* Begin XCBuildConfiguration section */
		45917ADD16331A3200B494E0 /* Debug */ = {
			isa = XCBuildConfiguration;
			buildSettings = {
				ALWAYS_SEARCH_USER_PATHS = NO;
				ARCHS = "$(ARCHS_STANDARD_32_BIT)";
				CLANG_ENABLE_OBJC_ARC = YES;
				"CODE_SIGN_IDENTITY[sdk=iphoneos*]" = "iPhone Developer";
				COPY_PHASE_STRIP = NO;
				GCC_C_LANGUAGE_STANDARD = gnu99;
				GCC_DYNAMIC_NO_PIC = NO;
				GCC_OPTIMIZATION_LEVEL = 0;
				GCC_PREPROCESSOR_DEFINITIONS = (
					"DEBUG=1",
					"$(inherited)",
				);
				GCC_SYMBOLS_PRIVATE_EXTERN = NO;
				GCC_VERSION = com.apple.compilers.llvm.clang.1_0;
				GCC_WARN_ABOUT_RETURN_TYPE = YES;
				GCC_WARN_UNINITIALIZED_AUTOS = YES;
				GCC_WARN_UNUSED_VARIABLE = YES;
				IPHONEOS_DEPLOYMENT_TARGET = 5.1;
				SDKROOT = iphoneos;
				TARGETED_DEVICE_FAMILY = "1,2";
			};
			name = Debug;
		};
		45917ADE16331A3200B494E0 /* Release */ = {
			isa = XCBuildConfiguration;
			buildSettings = {
				ALWAYS_SEARCH_USER_PATHS = NO;
				ARCHS = "$(ARCHS_STANDARD_32_BIT)";
				CLANG_ENABLE_OBJC_ARC = YES;
				"CODE_SIGN_IDENTITY[sdk=iphoneos*]" = "iPhone Developer";
				COPY_PHASE_STRIP = YES;
				GCC_C_LANGUAGE_STANDARD = gnu99;
				GCC_VERSION = com.apple.compilers.llvm.clang.1_0;
				GCC_WARN_ABOUT_RETURN_TYPE = YES;
				GCC_WARN_UNINITIALIZED_AUTOS = YES;
				GCC_WARN_UNUSED_VARIABLE = YES;
				IPHONEOS_DEPLOYMENT_TARGET = 5.1;
				OTHER_CFLAGS = "-DNS_BLOCK_ASSERTIONS=1";
				SDKROOT = iphoneos;
				TARGETED_DEVICE_FAMILY = "1,2";
				VALIDATE_PRODUCT = YES;
			};
			name = Release;
		};
		45917AE016331A3200B494E0 /* Debug */ = {
			isa = XCBuildConfiguration;
			buildSettings = {
				CLANG_ENABLE_OBJC_ARC = NO;
				GCC_PRECOMPILE_PREFIX_HEADER = YES;
				GCC_PREFIX_HEADER = "DiscovR/DiscovR-Prefix.pch";
				INFOPLIST_FILE = "DiscovR/DiscovR-Info.plist";
				PRODUCT_NAME = "$(TARGET_NAME)";
				WRAPPER_EXTENSION = app;
			};
			name = Debug;
		};
		45917AE116331A3200B494E0 /* Release */ = {
			isa = XCBuildConfiguration;
			buildSettings = {
				CLANG_ENABLE_OBJC_ARC = NO;
				GCC_PRECOMPILE_PREFIX_HEADER = YES;
				GCC_PREFIX_HEADER = "DiscovR/DiscovR-Prefix.pch";
				INFOPLIST_FILE = "DiscovR/DiscovR-Info.plist";
				PRODUCT_NAME = "$(TARGET_NAME)";
				WRAPPER_EXTENSION = app;
			};
			name = Release;
		};
		45917AE316331A3200B494E0 /* Debug */ = {
			isa = XCBuildConfiguration;
			buildSettings = {
				BUNDLE_LOADER = "$(BUILT_PRODUCTS_DIR)/DiscovR.app/DiscovR";
				FRAMEWORK_SEARCH_PATHS = (
					"$(SDKROOT)/Developer/Library/Frameworks",
					"$(DEVELOPER_LIBRARY_DIR)/Frameworks",
				);
				GCC_PRECOMPILE_PREFIX_HEADER = YES;
				GCC_PREFIX_HEADER = "DiscovR/DiscovR-Prefix.pch";
				INFOPLIST_FILE = "DiscovRTests/DiscovRTests-Info.plist";
				PRODUCT_NAME = "$(TARGET_NAME)";
				TEST_HOST = "$(BUNDLE_LOADER)";
				WRAPPER_EXTENSION = octest;
			};
			name = Debug;
		};
		45917AE416331A3200B494E0 /* Release */ = {
			isa = XCBuildConfiguration;
			buildSettings = {
				BUNDLE_LOADER = "$(BUILT_PRODUCTS_DIR)/DiscovR.app/DiscovR";
				FRAMEWORK_SEARCH_PATHS = (
					"$(SDKROOT)/Developer/Library/Frameworks",
					"$(DEVELOPER_LIBRARY_DIR)/Frameworks",
				);
				GCC_PRECOMPILE_PREFIX_HEADER = YES;
				GCC_PREFIX_HEADER = "DiscovR/DiscovR-Prefix.pch";
				INFOPLIST_FILE = "DiscovRTests/DiscovRTests-Info.plist";
				PRODUCT_NAME = "$(TARGET_NAME)";
				TEST_HOST = "$(BUNDLE_LOADER)";
				WRAPPER_EXTENSION = octest;
			};
			name = Release;
		};
/* End XCBuildConfiguration section */

/* Begin XCConfigurationList section */
		45917A9816331A3000B494E0 /* Build configuration list for PBXProject "DiscovR" */ = {
			isa = XCConfigurationList;
			buildConfigurations = (
				45917ADD16331A3200B494E0 /* Debug */,
				45917ADE16331A3200B494E0 /* Release */,
			);
			defaultConfigurationIsVisible = 0;
			defaultConfigurationName = Release;
		};
		45917ADF16331A3200B494E0 /* Build configuration list for PBXNativeTarget "DiscovR" */ = {
			isa = XCConfigurationList;
			buildConfigurations = (
				45917AE016331A3200B494E0 /* Debug */,
				45917AE116331A3200B494E0 /* Release */,
			);
			defaultConfigurationIsVisible = 0;
			defaultConfigurationName = Release;
		};
		45917AE216331A3200B494E0 /* Build configuration list for PBXNativeTarget "DiscovRTests" */ = {
			isa = XCConfigurationList;
			buildConfigurations = (
				45917AE316331A3200B494E0 /* Debug */,
				45917AE416331A3200B494E0 /* Release */,
			);
			defaultConfigurationIsVisible = 0;
			defaultConfigurationName = Release;
		};
/* End XCConfigurationList section */
	};
	rootObject = 45917A9516331A3000B494E0 /* Project object */;
}
